
Microsoft Visual Studio Solution File, Format Version 12.00
# Visual Studio Version 16
VisualStudioVersion = 16.0.30711.63
MinimumVisualStudioVersion = 10.0.40219.1
Project("{9A19103F-16F7-4668-BE54-9A1E7A4F7556}") = "HRM.Data", "HRM.Data\HRM.Data.csproj", "{7FE7E955-483A-463F-B83F-1BD5B50F749A}"
EndProject
Project("{9A19103F-16F7-4668-BE54-9A1E7A4F7556}") = "HRM.Web", "HRM.Web\HRM.Web.csproj", "{FD713363-619C-4948-A531-EC150A9EEB0F}"
EndProject
Project("{9A19103F-16F7-4668-BE54-9A1E7A4F7556}") = "HRM.Services", "HRM.Services\HRM.Services.csproj", "{6595433F-524A-4168-84D0-9A9A3E1ACBBB}"
EndProject
Project("{FAE04EC0-301F-11D3-BF4B-00C04F79EFBC}") = "HRM.ViewModel", "HRM.ViewModel\HRM.ViewModel.csproj", "{F6935B27-9D18-4288-BA88-40C8F158FAA6}"
EndProject
Project("{FAE04EC0-301F-11D3-BF4B-00C04F79EFBC}") = "HRM.InputModel", "HRM.InputModel\HRM.InputModel.csproj", "{0621225C-5D8F-41EE-BBA2-5BC8F7EDBE15}"
EndProject
Global
	GlobalSection(SolutionConfigurationPlatforms) = preSolution
		Debug|Any CPU = Debug|Any CPU
		Release|Any CPU = Release|Any CPU
	EndGlobalSection
	GlobalSection(ProjectConfigurationPlatforms) = postSolution
		{7FE7E955-483A-463F-B83F-1BD5B50F749A}.Debug|Any CPU.ActiveCfg = Debug|Any CPU
		{7FE7E955-483A-463F-B83F-1BD5B50F749A}.Debug|Any CPU.Build.0 = Debug|Any CPU
		{7FE7E955-483A-463F-B83F-1BD5B50F749A}.Release|Any CPU.ActiveCfg = Release|Any CPU
		{7FE7E955-483A-463F-B83F-1BD5B50F749A}.Release|Any CPU.Build.0 = Release|Any CPU
		{FD713363-619C-4948-A531-EC150A9EEB0F}.Debug|Any CPU.ActiveCfg = Debug|Any CPU
		{FD713363-619C-4948-A531-EC150A9EEB0F}.Debug|Any CPU.Build.0 = Debug|Any CPU
		{FD713363-619C-4948-A531-EC150A9EEB0F}.Release|Any CPU.ActiveCfg = Release|Any CPU
		{FD713363-619C-4948-A531-EC150A9EEB0F}.Release|Any CPU.Build.0 = Release|Any CPU
		{6595433F-524A-4168-84D0-9A9A3E1ACBBB}.Debug|Any CPU.ActiveCfg = Debug|Any CPU
		{6595433F-524A-4168-84D0-9A9A3E1ACBBB}.Debug|Any CPU.Build.0 = Debug|Any CPU
		{6595433F-524A-4168-84D0-9A9A3E1ACBBB}.Release|Any CPU.ActiveCfg = Release|Any CPU
		{6595433F-524A-4168-84D0-9A9A3E1ACBBB}.Release|Any CPU.Build.0 = Release|Any CPU
		{F6935B27-9D18-4288-BA88-40C8F158FAA6}.Debug|Any CPU.ActiveCfg = Debug|Any CPU
		{F6935B27-9D18-4288-BA88-40C8F158FAA6}.Debug|Any CPU.Build.0 = Debug|Any CPU
		{F6935B27-9D18-4288-BA88-40C8F158FAA6}.Release|Any CPU.ActiveCfg = Release|Any CPU
		{F6935B27-9D18-4288-BA88-40C8F158FAA6}.Release|Any CPU.Build.0 = Release|Any CPU
		{0621225C-5D8F-41EE-BBA2-5BC8F7EDBE15}.Debug|Any CPU.ActiveCfg = Debug|Any CPU
		{0621225C-5D8F-41EE-BBA2-5BC8F7EDBE15}.Debug|Any CPU.Build.0 = Debug|Any CPU
		{0621225C-5D8F-41EE-BBA2-5BC8F7EDBE15}.Release|Any CPU.ActiveCfg = Release|Any CPU
		{0621225C-5D8F-41EE-BBA2-5BC8F7EDBE15}.Release|Any CPU.Build.0 = Release|Any CPU
	EndGlobalSection
	GlobalSection(SolutionProperties) = preSolution
		HideSolutionNode = FALSE
	EndGlobalSection
	GlobalSection(ExtensibilityGlobals) = postSolution
		SolutionGuid = {542328AA-E2D1-41F0-A67B-8FE1C1D22629}
	EndGlobalSection
EndGlobal
